
Microsoft Visual Studio Solution File, Format Version 12.00
# Visual Studio 15
VisualStudioVersion = 15.0.27703.2047
MinimumVisualStudioVersion = 10.0.40219.1
Project("{FAE04EC0-301F-11D3-BF4B-00C04F79EFBC}") = "IntroductionToDOTNET", "IntroductionToDOTNET\IntroductionToDOTNET.csproj", "{5763898A-63A7-493E-A6FB-782E9F0421EA}"
EndProject
Project("{FAE04EC0-301F-11D3-BF4B-00C04F79EFBC}") = "DataTypes", "DataTypes\DataTypes.csproj", "{57480592-171A-4863-803C-FB99F2073305}"
EndProject
Global
	GlobalSection(SolutionConfigurationPlatforms) = preSolution
		Debug|Any CPU = Debug|Any CPU
		Release|Any CPU = Release|Any CPU
	EndGlobalSection
	GlobalSection(ProjectConfigurationPlatforms) = postSolution
		{5763898A-63A7-493E-A6FB-782E9F0421EA}.Debug|Any CPU.ActiveCfg = Debug|Any CPU
		{5763898A-63A7-493E-A6FB-782E9F0421EA}.Debug|Any CPU.Build.0 = Debug|Any CPU
		{5763898A-63A7-493E-A6FB-782E9F0421EA}.Release|Any CPU.ActiveCfg = Release|Any CPU
		{5763898A-63A7-493E-A6FB-782E9F0421EA}.Release|Any CPU.Build.0 = Release|Any CPU
		{57480592-171A-4863-803C-FB99F2073305}.Debug|Any CPU.ActiveCfg = Debug|Any CPU
		{57480592-171A-4863-803C-FB99F2073305}.Debug|Any CPU.Build.0 = Debug|Any CPU
		{57480592-171A-4863-803C-FB99F2073305}.Release|Any CPU.ActiveCfg = Release|Any CPU
		{57480592-171A-4863-803C-FB99F2073305}.Release|Any CPU.Build.0 = Release|Any CPU
	EndGlobalSection
	GlobalSection(SolutionProperties) = preSolution
		HideSolutionNode = FALSE
	EndGlobalSection
	GlobalSection(ExtensibilityGlobals) = postSolution
		SolutionGuid = {E00B29D2-26E2-4B4A-B3D0-66B408B3E734}
	EndGlobalSection
EndGlobal
